# This file is automatically @generated by Cargo.
# It is not intended for manual editing.
[[package]]
name = "pc80-emu"
version = "0.1.0"
dependencies = [
 "rz80",
]

[[package]]
name = "rz80"
version = "0.1.1"
source = "registry+https://github.com/rust-lang/crates.io-index"
checksum = "6c5cb66916093b7aca55b2b95a12e477b18f9d7ab717f76595e9c5dcf8ac6bc9"
